// !$*UTF8*$!
{
	archiveVersion = 1;
	classes = {
	};
	objectVersion = 50;
	objects = {

/* Begin PBXBuildFile section */
		66F67E262199D29C001D933B /* AppDelegate.swift in Sources */ = {isa = PBXBuildFile; fileRef = 66F67E252199D29C001D933B /* AppDelegate.swift */; };
		66F67E282199D29C001D933B /* ViewController.swift in Sources */ = {isa = PBXBuildFile; fileRef = 66F67E272199D29C001D933B /* ViewController.swift */; };
		66F67E2B2199D29C001D933B /* Main.storyboard in Resources */ = {isa = PBXBuildFile; fileRef = 66F67E292199D29C001D933B /* Main.storyboard */; };
		66F67E2D2199D29D001D933B /* Assets.xcassets in Resources */ = {isa = PBXBuildFile; fileRef = 66F67E2C2199D29D001D933B /* Assets.xcassets */; };
		66F67E302199D29D001D933B /* LaunchScreen.storyboard in Resources */ = {isa = PBXBuildFile; fileRef = 66F67E2E2199D29D001D933B /* LaunchScreen.storyboard */; };
		66F67E3B2199D29D001D933B /* ExamplesTests.swift in Sources */ = {isa = PBXBuildFile; fileRef = 66F67E3A2199D29D001D933B /* ExamplesTests.swift */; };
		9CBADF3E3FF7A7A6D1B4E2E5 /* Pods_Examples.framework in Frameworks */ = {isa = PBXBuildFile; fileRef = DFA55269EFCF1AF75779367C /* Pods_Examples.framework */; };
		B4B7EE6DCCCA583D9CA195BE /* Pods_ExamplesTests.framework in Frameworks */ = {isa = PBXBuildFile; fileRef = DE7B332C731D6111169BBA21 /* Pods_ExamplesTests.framework */; };
/* End PBXBuildFile section */

/* Begin PBXContainerItemProxy section */
		66F67E372199D29D001D933B /* PBXContainerItemProxy */ = {
			isa = PBXContainerItemProxy;
			containerPortal = 66F67E1A2199D29C001D933B /* Project object */;
			proxyType = 1;
			remoteGlobalIDString = 66F67E212199D29C001D933B;
			remoteInfo = Examples;
		};
/* End PBXContainerItemProxy section */

/* Begin PBXFileReference section */
		66F67E222199D29C001D933B /* Examples.app */ = {isa = PBXFileReference; explicitFileType = wrapper.application; includeInIndex = 0; path = Examples.app; sourceTree = BUILT_PRODUCTS_DIR; };
		66F67E252199D29C001D933B /* AppDelegate.swift */ = {isa = PBXFileReference; lastKnownFileType = sourcecode.swift; path = AppDelegate.swift; sourceTree = "<group>"; };
		66F67E272199D29C001D933B /* ViewController.swift */ = {isa = PBXFileReference; lastKnownFileType = sourcecode.swift; path = ViewController.swift; sourceTree = "<group>"; };
		66F67E2A2199D29C001D933B /* Base */ = {isa = PBXFileReference; lastKnownFileType = file.storyboard; name = Base; path = Base.lproj/Main.storyboard; sourceTree = "<group>"; };
		66F67E2C2199D29D001D933B /* Assets.xcassets */ = {isa = PBXFileReference; lastKnownFileType = folder.assetcatalog; path = Assets.xcassets; sourceTree = "<group>"; };
		66F67E2F2199D29D001D933B /* Base */ = {isa = PBXFileReference; lastKnownFileType = file.storyboard; name = Base; path = Base.lproj/LaunchScreen.storyboard; sourceTree = "<group>"; };
		66F67E312199D29D001D933B /* Info.plist */ = {isa = PBXFileReference; lastKnownFileType = text.plist.xml; path = Info.plist; sourceTree = "<group>"; };
		66F67E362199D29D001D933B /* ExamplesTests.xctest */ = {isa = PBXFileReference; explicitFileType = wrapper.cfbundle; includeInIndex = 0; path = ExamplesTests.xctest; sourceTree = BUILT_PRODUCTS_DIR; };
		66F67E3A2199D29D001D933B /* ExamplesTests.swift */ = {isa = PBXFileReference; lastKnownFileType = sourcecode.swift; path = ExamplesTests.swift; sourceTree = "<group>"; };
		66F67E3C2199D29D001D933B /* Info.plist */ = {isa = PBXFileReference; lastKnownFileType = text.plist.xml; path = Info.plist; sourceTree = "<group>"; };
		B89EE74AEE2C3493BB551995 /* Pods-ExamplesTests.debug.xcconfig */ = {isa = PBXFileReference; includeInIndex = 1; lastKnownFileType = text.xcconfig; name = "Pods-ExamplesTests.debug.xcconfig"; path = "Pods/Target Support Files/Pods-ExamplesTests/Pods-ExamplesTests.debug.xcconfig"; sourceTree = "<group>"; };
		CE99E8C6E1D794BF30EDA7AB /* Pods-ExamplesTests.release.xcconfig */ = {isa = PBXFileReference; includeInIndex = 1; lastKnownFileType = text.xcconfig; name = "Pods-ExamplesTests.release.xcconfig"; path = "Pods/Target Support Files/Pods-ExamplesTests/Pods-ExamplesTests.release.xcconfig"; sourceTree = "<group>"; };
		DE7B332C731D6111169BBA21 /* Pods_ExamplesTests.framework */ = {isa = PBXFileReference; explicitFileType = wrapper.framework; includeInIndex = 0; path = Pods_ExamplesTests.framework; sourceTree = BUILT_PRODUCTS_DIR; };
		DFA55269EFCF1AF75779367C /* Pods_Examples.framework */ = {isa = PBXFileReference; explicitFileType = wrapper.framework; includeInIndex = 0; path = Pods_Examples.framework; sourceTree = BUILT_PRODUCTS_DIR; };
		E133A3E0FFF69E4E808E713E /* Pods-Examples.debug.xcconfig */ = {isa = PBXFileReference; includeInIndex = 1; lastKnownFileType = text.xcconfig; name = "Pods-Examples.debug.xcconfig"; path = "Pods/Target Support Files/Pods-Examples/Pods-Examples.debug.xcconfig"; sourceTree = "<group>"; };
		FC1169F1141442DA8C8F2AFF /* Pods-Examples.release.xcconfig */ = {isa = PBXFileReference; includeInIndex = 1; lastKnownFileType = text.xcconfig; name = "Pods-Examples.release.xcconfig"; path = "Pods/Target Support Files/Pods-Examples/Pods-Examples.release.xcconfig"; sourceTree = "<group>"; };
/* End PBXFileReference section */

/* Begin PBXFrameworksBuildPhase section */
		66F67E1F2199D29C001D933B /* Frameworks */ = {
			isa = PBXFrameworksBuildPhase;
			buildActionMask = 2147483647;
			files = (
				9CBADF3E3FF7A7A6D1B4E2E5 /* Pods_Examples.framework in Frameworks */,
			);
			runOnlyForDeploymentPostprocessing = 0;
		};
		66F67E332199D29D001D933B /* Frameworks */ = {
			isa = PBXFrameworksBuildPhase;
			buildActionMask = 2147483647;
			files = (
				B4B7EE6DCCCA583D9CA195BE /* Pods_ExamplesTests.framework in Frameworks */,
			);
			runOnlyForDeploymentPostprocessing = 0;
		};
/* End PBXFrameworksBuildPhase section */

/* Begin PBXGroup section */
		66F67E192199D29C001D933B = {
			isa = PBXGroup;
			children = (
				66F67E242199D29C001D933B /* Examples */,
				66F67E392199D29D001D933B /* ExamplesTests */,
				66F67E232199D29C001D933B /* Products */,
				6734E44BC3D4846D3E89CE84 /* Pods */,
				85F4CF1C819B60835ED47475 /* Frameworks */,
			);
			sourceTree = "<group>";
		};
		66F67E232199D29C001D933B /* Products */ = {
			isa = PBXGroup;
			children = (
				66F67E222199D29C001D933B /* Examples.app */,
				66F67E362199D29D001D933B /* ExamplesTests.xctest */,
			);
			name = Products;
			sourceTree = "<group>";
		};
		66F67E242199D29C001D933B /* Examples */ = {
			isa = PBXGroup;
			children = (
				66F67E252199D29C001D933B /* AppDelegate.swift */,
				66F67E272199D29C001D933B /* ViewController.swift */,
				66F67E292199D29C001D933B /* Main.storyboard */,
				66F67E2C2199D29D001D933B /* Assets.xcassets */,
				66F67E2E2199D29D001D933B /* LaunchScreen.storyboard */,
				66F67E312199D29D001D933B /* Info.plist */,
			);
			path = Examples;
			sourceTree = "<group>";
		};
		66F67E392199D29D001D933B /* ExamplesTests */ = {
			isa = PBXGroup;
			children = (
				66F67E3A2199D29D001D933B /* ExamplesTests.swift */,
				66F67E3C2199D29D001D933B /* Info.plist */,
			);
			path = ExamplesTests;
			sourceTree = "<group>";
		};
		6734E44BC3D4846D3E89CE84 /* Pods */ = {
			isa = PBXGroup;
			children = (
				E133A3E0FFF69E4E808E713E /* Pods-Examples.debug.xcconfig */,
				FC1169F1141442DA8C8F2AFF /* Pods-Examples.release.xcconfig */,
				B89EE74AEE2C3493BB551995 /* Pods-ExamplesTests.debug.xcconfig */,
				CE99E8C6E1D794BF30EDA7AB /* Pods-ExamplesTests.release.xcconfig */,
			);
			name = Pods;
			sourceTree = "<group>";
		};
		85F4CF1C819B60835ED47475 /* Frameworks */ = {
			isa = PBXGroup;
			children = (
				DFA55269EFCF1AF75779367C /* Pods_Examples.framework */,
				DE7B332C731D6111169BBA21 /* Pods_ExamplesTests.framework */,
			);
			name = Frameworks;
			sourceTree = "<group>";
		};
/* End PBXGroup section */

/* Begin PBXNativeTarget section */
		66F67E212199D29C001D933B /* Examples */ = {
			isa = PBXNativeTarget;
			buildConfigurationList = 66F67E3F2199D29D001D933B /* Build configuration list for PBXNativeTarget "Examples" */;
			buildPhases = (
				A6B2F5875C7939BD3D6D4AD3 /* [CP] Check Pods Manifest.lock */,
				66F67E1E2199D29C001D933B /* Sources */,
				66F67E1F2199D29C001D933B /* Frameworks */,
				66F67E202199D29C001D933B /* Resources */,
				404A29D147EE4184A3665BD6 /* [CP] Embed Pods Frameworks */,
			);
			buildRules = (
			);
			dependencies = (
			);
			name = Examples;
			productName = Examples;
			productReference = 66F67E222199D29C001D933B /* Examples.app */;
			productType = "com.apple.product-type.application";
		};
		66F67E352199D29D001D933B /* ExamplesTests */ = {
			isa = PBXNativeTarget;
			buildConfigurationList = 66F67E422199D29D001D933B /* Build configuration list for PBXNativeTarget "ExamplesTests" */;
			buildPhases = (
				2A77DEE433911FABDBE48489 /* [CP] Check Pods Manifest.lock */,
				66F67E322199D29D001D933B /* Sources */,
				66F67E332199D29D001D933B /* Frameworks */,
				66F67E342199D29D001D933B /* Resources */,
			);
			buildRules = (
			);
			dependencies = (
				66F67E382199D29D001D933B /* PBXTargetDependency */,
			);
			name = ExamplesTests;
			productName = ExamplesTests;
			productReference = 66F67E362199D29D001D933B /* ExamplesTests.xctest */;
			productType = "com.apple.product-type.bundle.unit-test";
		};
/* End PBXNativeTarget section */

/* Begin PBXProject section */
		66F67E1A2199D29C001D933B /* Project object */ = {
			isa = PBXProject;
			attributes = {
				LastSwiftUpdateCheck = 1010;
				LastUpgradeCheck = 1010;
				ORGANIZATIONNAME = "Baltic International Group OU";
				TargetAttributes = {
					66F67E212199D29C001D933B = {
						CreatedOnToolsVersion = 10.1;
					};
					66F67E352199D29D001D933B = {
						CreatedOnToolsVersion = 10.1;
						TestTargetID = 66F67E212199D29C001D933B;
					};
				};
			};
			buildConfigurationList = 66F67E1D2199D29C001D933B /* Build configuration list for PBXProject "Examples" */;
			compatibilityVersion = "Xcode 9.3";
			developmentRegion = en;
			hasScannedForEncodings = 0;
			knownRegions = (
				en,
				Base,
			);
			mainGroup = 66F67E192199D29C001D933B;
			productRefGroup = 66F67E232199D29C001D933B /* Products */;
			projectDirPath = "";
			projectRoot = "";
			targets = (
				66F67E212199D29C001D933B /* Examples */,
				66F67E352199D29D001D933B /* ExamplesTests */,
			);
		};
/* End PBXProject section */

/* Begin PBXResourcesBuildPhase section */
		66F67E202199D29C001D933B /* Resources */ = {
			isa = PBXResourcesBuildPhase;
			buildActionMask = 2147483647;
			files = (
				66F67E302199D29D001D933B /* LaunchScreen.storyboard in Resources */,
				66F67E2D2199D29D001D933B /* Assets.xcassets in Resources */,
				66F67E2B2199D29C001D933B /* Main.storyboard in Resources */,
			);
			runOnlyForDeploymentPostprocessing = 0;
		};
		66F67E342199D29D001D933B /* Resources */ = {
			isa = PBXResourcesBuildPhase;
			buildActionMask = 2147483647;
			files = (
			);
			runOnlyForDeploymentPostprocessing = 0;
		};
/* End PBXResourcesBuildPhase section */

/* Begin PBXShellScriptBuildPhase section */
		2A77DEE433911FABDBE48489 /* [CP] Check Pods Manifest.lock */ = {
			isa = PBXShellScriptBuildPhase;
			buildActionMask = 2147483647;
			files = (
			);
			inputPaths = (
				"${PODS_PODFILE_DIR_PATH}/Podfile.lock",
				"${PODS_ROOT}/Manifest.lock",
			);
			name = "[CP] Check Pods Manifest.lock";
			outputPaths = (
				"$(DERIVED_FILE_DIR)/Pods-ExamplesTests-checkManifestLockResult.txt",
			);
			runOnlyForDeploymentPostprocessing = 0;
			shellPath = /bin/sh;
			shellScript = "diff \"${PODS_PODFILE_DIR_PATH}/Podfile.lock\" \"${PODS_ROOT}/Manifest.lock\" > /dev/null\nif [ $? != 0 ] ; then\n    # print error to STDERR\n    echo \"error: The sandbox is not in sync with the Podfile.lock. Run 'pod install' or update your CocoaPods installation.\" >&2\n    exit 1\nfi\n# This output is used by Xcode 'outputs' to avoid re-running this script phase.\necho \"SUCCESS\" > \"${SCRIPT_OUTPUT_FILE_0}\"\n";
			showEnvVarsInLog = 0;
		};
		404A29D147EE4184A3665BD6 /* [CP] Embed Pods Frameworks */ = {
			isa = PBXShellScriptBuildPhase;
			buildActionMask = 2147483647;
			files = (
			);
			inputPaths = (
				"${SRCROOT}/Pods/Target Support Files/Pods-Examples/Pods-Examples-frameworks.sh",
				"${BUILT_PRODUCTS_DIR}/MyEOSWalletSDK/MyEOSWalletSDK.framework",
			);
			name = "[CP] Embed Pods Frameworks";
			outputPaths = (
				"${TARGET_BUILD_DIR}/${FRAMEWORKS_FOLDER_PATH}/MyEOSWalletSDK.framework",
			);
			runOnlyForDeploymentPostprocessing = 0;
			shellPath = /bin/sh;
			shellScript = "\"${SRCROOT}/Pods/Target Support Files/Pods-Examples/Pods-Examples-frameworks.sh\"\n";
			showEnvVarsInLog = 0;
		};
		A6B2F5875C7939BD3D6D4AD3 /* [CP] Check Pods Manifest.lock */ = {
			isa = PBXShellScriptBuildPhase;
			buildActionMask = 2147483647;
			files = (
			);
			inputPaths = (
				"${PODS_PODFILE_DIR_PATH}/Podfile.lock",
				"${PODS_ROOT}/Manifest.lock",
			);
			name = "[CP] Check Pods Manifest.lock";
			outputPaths = (
				"$(DERIVED_FILE_DIR)/Pods-Examples-checkManifestLockResult.txt",
			);
			runOnlyForDeploymentPostprocessing = 0;
			shellPath = /bin/sh;
			shellScript = "diff \"${PODS_PODFILE_DIR_PATH}/Podfile.lock\" \"${PODS_ROOT}/Manifest.lock\" > /dev/null\nif [ $? != 0 ] ; then\n    # print error to STDERR\n    echo \"error: The sandbox is not in sync with the Podfile.lock. Run 'pod install' or update your CocoaPods installation.\" >&2\n    exit 1\nfi\n# This output is used by Xcode 'outputs' to avoid re-running this script phase.\necho \"SUCCESS\" > \"${SCRIPT_OUTPUT_FILE_0}\"\n";
			showEnvVarsInLog = 0;
		};
/* End PBXShellScriptBuildPhase section */

/* Begin PBXSourcesBuildPhase section */
		66F67E1E2199D29C001D933B /* Sources */ = {
			isa = PBXSourcesBuildPhase;
			buildActionMask = 2147483647;
			files = (
				66F67E282199D29C001D933B /* ViewController.swift in Sources */,
				66F67E262199D29C001D933B /* AppDelegate.swift in Sources */,
			);
			runOnlyForDeploymentPostprocessing = 0;
		};
		66F67E322199D29D001D933B /* Sources */ = {
			isa = PBXSourcesBuildPhase;
			buildActionMask = 2147483647;
			files = (
				66F67E3B2199D29D001D933B /* ExamplesTests.swift in Sources */,
			);
			runOnlyForDeploymentPostprocessing = 0;
		};
/* End PBXSourcesBuildPhase section */

/* Begin PBXTargetDependency section */
		66F67E382199D29D001D933B /* PBXTargetDependency */ = {
			isa = PBXTargetDependency;
			target = 66F67E212199D29C001D933B /* Examples */;
			targetProxy = 66F67E372199D29D001D933B /* PBXContainerItemProxy */;
		};
/* End PBXTargetDependency section */

/* Begin PBXVariantGroup section */
		66F67E292199D29C001D933B /* Main.storyboard */ = {
			isa = PBXVariantGroup;
			children = (
				66F67E2A2199D29C001D933B /* Base */,
			);
			name = Main.storyboard;
			sourceTree = "<group>";
		};
		66F67E2E2199D29D001D933B /* LaunchScreen.storyboard */ = {
			isa = PBXVariantGroup;
			children = (
				66F67E2F2199D29D001D933B /* Base */,
			);
			name = LaunchScreen.storyboard;
			sourceTree = "<group>";
		};
/* End PBXVariantGroup section */

/* Begin XCBuildConfiguration section */
		66F67E3D2199D29D001D933B /* Debug */ = {
			isa = XCBuildConfiguration;
			buildSettings = {
				ALWAYS_SEARCH_USER_PATHS = NO;
				CLANG_ANALYZER_NONNULL = YES;
				CLANG_ANALYZER_NUMBER_OBJECT_CONVERSION = YES_AGGRESSIVE;
				CLANG_CXX_LANGUAGE_STANDARD = "gnu++14";
				CLANG_CXX_LIBRARY = "libc++";
				CLANG_ENABLE_MODULES = YES;
				CLANG_ENABLE_OBJC_ARC = YES;
				CLANG_ENABLE_OBJC_WEAK = YES;
				CLANG_WARN_BLOCK_CAPTURE_AUTORELEASING = YES;
				CLANG_WARN_BOOL_CONVERSION = YES;
				CLANG_WARN_COMMA = YES;
				CLANG_WARN_CONSTANT_CONVERSION = YES;
				CLANG_WARN_DEPRECATED_OBJC_IMPLEMENTATIONS = YES;
				CLANG_WARN_DIRECT_OBJC_ISA_USAGE = YES_ERROR;
				CLANG_WARN_DOCUMENTATION_COMMENTS = YES;
				CLANG_WARN_EMPTY_BODY = YES;
				CLANG_WARN_ENUM_CONVERSION = YES;
				CLANG_WARN_INFINITE_RECURSION = YES;
				CLANG_WARN_INT_CONVERSION = YES;
				CLANG_WARN_NON_LITERAL_NULL_CONVERSION = YES;
				CLANG_WARN_OBJC_IMPLICIT_RETAIN_SELF = YES;
				CLANG_WARN_OBJC_LITERAL_CONVERSION = YES;
				CLANG_WARN_OBJC_ROOT_CLASS = YES_ERROR;
				CLANG_WARN_RANGE_LOOP_ANALYSIS = YES;
				CLANG_WARN_STRICT_PROTOTYPES = YES;
				CLANG_WARN_SUSPICIOUS_MOVE = YES;
				CLANG_WARN_UNGUARDED_AVAILABILITY = YES_AGGRESSIVE;
				CLANG_WARN_UNREACHABLE_CODE = YES;
				CLANG_WARN__DUPLICATE_METHOD_MATCH = YES;
				CODE_SIGN_IDENTITY = "iPhone Developer";
				COPY_PHASE_STRIP = NO;
				DEBUG_INFORMATION_FORMAT = dwarf;
				ENABLE_STRICT_OBJC_MSGSEND = YES;
				ENABLE_TESTABILITY = YES;
				GCC_C_LANGUAGE_STANDARD = gnu11;
				GCC_DYNAMIC_NO_PIC = NO;
				GCC_NO_COMMON_BLOCKS = YES;
				GCC_OPTIMIZATION_LEVEL = 0;
				GCC_PREPROCESSOR_DEFINITIONS = (
					"DEBUG=1",
					"$(inherited)",
				);
				GCC_WARN_64_TO_32_BIT_CONVERSION = YES;
				GCC_WARN_ABOUT_RETURN_TYPE = YES_ERROR;
				GCC_WARN_UNDECLARED_SELECTOR = YES;
				GCC_WARN_UNINITIALIZED_AUTOS = YES_AGGRESSIVE;
				GCC_WARN_UNUSED_FUNCTION = YES;
				GCC_WARN_UNUSED_VARIABLE = YES;
				IPHONEOS_DEPLOYMENT_TARGET = 12.1;
				MTL_ENABLE_DEBUG_INFO = INCLUDE_SOURCE;
				MTL_FAST_MATH = YES;
				ONLY_ACTIVE_ARCH = YES;
				SDKROOT = iphoneos;
				SWIFT_ACTIVE_COMPILATION_CONDITIONS = DEBUG;
				SWIFT_OPTIMIZATION_LEVEL = "-Onone";
			};
			name = Debug;
		};
		66F67E3E2199D29D001D933B /* Release */ = {
			isa = XCBuildConfiguration;
			buildSettings = {
				ALWAYS_SEARCH_USER_PATHS = NO;
				CLANG_ANALYZER_NONNULL = YES;
				CLANG_ANALYZER_NUMBER_OBJECT_CONVERSION = YES_AGGRESSIVE;
				CLANG_CXX_LANGUAGE_STANDARD = "gnu++14";
				CLANG_CXX_LIBRARY = "libc++";
				CLANG_ENABLE_MODULES = YES;
				CLANG_ENABLE_OBJC_ARC = YES;
				CLANG_ENABLE_OBJC_WEAK = YES;
				CLANG_WARN_BLOCK_CAPTURE_AUTORELEASING = YES;
				CLANG_WARN_BOOL_CONVERSION = YES;
				CLANG_WARN_COMMA = YES;
				CLANG_WARN_CONSTANT_CONVERSION = YES;
				CLANG_WARN_DEPRECATED_OBJC_IMPLEMENTATIONS = YES;
				CLANG_WARN_DIRECT_OBJC_ISA_USAGE = YES_ERROR;
				CLANG_WARN_DOCUMENTATION_COMMENTS = YES;
				CLANG_WARN_EMPTY_BODY = YES;
				CLANG_WARN_ENUM_CONVERSION = YES;
				CLANG_WARN_INFINITE_RECURSION = YES;
				CLANG_WARN_INT_CONVERSION = YES;
				CLANG_WARN_NON_LITERAL_NULL_CONVERSION = YES;
				CLANG_WARN_OBJC_IMPLICIT_RETAIN_SELF = YES;
				CLANG_WARN_OBJC_LITERAL_CONVERSION = YES;
				CLANG_WARN_OBJC_ROOT_CLASS = YES_ERROR;
				CLANG_WARN_RANGE_LOOP_ANALYSIS = YES;
				CLANG_WARN_STRICT_PROTOTYPES = YES;
				CLANG_WARN_SUSPICIOUS_MOVE = YES;
				CLANG_WARN_UNGUARDED_AVAILABILITY = YES_AGGRESSIVE;
				CLANG_WARN_UNREACHABLE_CODE = YES;
				CLANG_WARN__DUPLICATE_METHOD_MATCH = YES;
				CODE_SIGN_IDENTITY = "iPhone Developer";
				COPY_PHASE_STRIP = NO;
				DEBUG_INFORMATION_FORMAT = "dwarf-with-dsym";
				ENABLE_NS_ASSERTIONS = NO;
				ENABLE_STRICT_OBJC_MSGSEND = YES;
				GCC_C_LANGUAGE_STANDARD = gnu11;
				GCC_NO_COMMON_BLOCKS = YES;
				GCC_WARN_64_TO_32_BIT_CONVERSION = YES;
				GCC_WARN_ABOUT_RETURN_TYPE = YES_ERROR;
				GCC_WARN_UNDECLARED_SELECTOR = YES;
				GCC_WARN_UNINITIALIZED_AUTOS = YES_AGGRESSIVE;
				GCC_WARN_UNUSED_FUNCTION = YES;
				GCC_WARN_UNUSED_VARIABLE = YES;
				IPHONEOS_DEPLOYMENT_TARGET = 12.1;
				MTL_ENABLE_DEBUG_INFO = NO;
				MTL_FAST_MATH = YES;
				SDKROOT = iphoneos;
				SWIFT_COMPILATION_MODE = wholemodule;
				SWIFT_OPTIMIZATION_LEVEL = "-O";
				VALIDATE_PRODUCT = YES;
			};
			name = Release;
		};
		66F67E402199D29D001D933B /* Debug */ = {
			isa = XCBuildConfiguration;
			baseConfigurationReference = E133A3E0FFF69E4E808E713E /* Pods-Examples.debug.xcconfig */;
			buildSettings = {
				ASSETCATALOG_COMPILER_APPICON_NAME = AppIcon;
				CODE_SIGN_STYLE = Automatic;
				DEVELOPMENT_TEAM = 8UQ3BUX42T;
				FRAMEWORK_SEARCH_PATHS = (
					"$(inherited)",
					"$(PROJECT_DIR)",
				);
				INFOPLIST_FILE = Examples/Info.plist;
				LD_RUNPATH_SEARCH_PATHS = (
					"$(inherited)",
					"@executable_path/Frameworks",
				);
				PRODUCT_BUNDLE_IDENTIFIER = net.atticlab.myeoswallet.Examples;
				PRODUCT_NAME = "$(TARGET_NAME)";
				SWIFT_VERSION = 4.2;
				TARGETED_DEVICE_FAMILY = "1,2";
			};
			name = Debug;
		};
		66F67E412199D29D001D933B /* Release */ = {
			isa = XCBuildConfiguration;
			baseConfigurationReference = FC1169F1141442DA8C8F2AFF /* Pods-Examples.release.xcconfig */;
			buildSettings = {
				ASSETCATALOG_COMPILER_APPICON_NAME = AppIcon;
				CODE_SIGN_STYLE = Automatic;
				DEVELOPMENT_TEAM = 8UQ3BUX42T;
				FRAMEWORK_SEARCH_PATHS = (
					"$(inherited)",
					"$(PROJECT_DIR)",
				);
				INFOPLIST_FILE = Examples/Info.plist;
				LD_RUNPATH_SEARCH_PATHS = (
					"$(inherited)",
					"@executable_path/Frameworks",
				);
				PRODUCT_BUNDLE_IDENTIFIER = net.atticlab.myeoswallet.Examples;
				PRODUCT_NAME = "$(TARGET_NAME)";
				SWIFT_VERSION = 4.2;
				TARGETED_DEVICE_FAMILY = "1,2";
			};
			name = Release;
		};
		66F67E432199D29D001D933B /* Debug */ = {
			isa = XCBuildConfiguration;
			baseConfigurationReference = B89EE74AEE2C3493BB551995 /* Pods-ExamplesTests.debug.xcconfig */;
			buildSettings = {
				ALWAYS_EMBED_SWIFT_STANDARD_LIBRARIES = YES;
				BUNDLE_LOADER = "$(TEST_HOST)";
				CODE_SIGN_STYLE = Automatic;
				DEVELOPMENT_TEAM = 8UQ3BUX42T;
				INFOPLIST_FILE = ExamplesTests/Info.plist;
				LD_RUNPATH_SEARCH_PATHS = (
					"$(inherited)",
					"@executable_path/Frameworks",
					"@loader_path/Frameworks",
				);
				PRODUCT_BUNDLE_IDENTIFIER = net.atticlab.myeoswallet.ExamplesTests;
				PRODUCT_NAME = "$(TARGET_NAME)";
				SWIFT_VERSION = 4.2;
				TARGETED_DEVICE_FAMILY = "1,2";
				TEST_HOST = "$(BUILT_PRODUCTS_DIR)/Examples.app/Examples";
			};
			name = Debug;
		};
		66F67E442199D29D001D933B /* Release */ = {
			isa = XCBuildConfiguration;
			baseConfigurationReference = CE99E8C6E1D794BF30EDA7AB /* Pods-ExamplesTests.release.xcconfig */;
			buildSettings = {
				ALWAYS_EMBED_SWIFT_STANDARD_LIBRARIES = YES;
				BUNDLE_LOADER = "$(TEST_HOST)";
				CODE_SIGN_STYLE = Automatic;
				DEVELOPMENT_TEAM = 8UQ3BUX42T;
				INFOPLIST_FILE = ExamplesTests/Info.plist;
				LD_RUNPATH_SEARCH_PATHS = (
					"$(inherited)",
					"@executable_path/Frameworks",
					"@loader_path/Frameworks",
				);
				PRODUCT_BUNDLE_IDENTIFIER = net.atticlab.myeoswallet.ExamplesTests;
				PRODUCT_NAME = "$(TARGET_NAME)";
				SWIFT_VERSION = 4.2;
				TARGETED_DEVICE_FAMILY = "1,2";
				TEST_HOST = "$(BUILT_PRODUCTS_DIR)/Examples.app/Examples";
			};
			name = Release;
		};
/* End XCBuildConfiguration section */

/* Begin XCConfigurationList section */
		66F67E1D2199D29C001D933B /* Build configuration list for PBXProject "Examples" */ = {
			isa = XCConfigurationList;
			buildConfigurations = (
				66F67E3D2199D29D001D933B /* Debug */,
				66F67E3E2199D29D001D933B /* Release */,
			);
			defaultConfigurationIsVisible = 0;
			defaultConfigurationName = Release;
		};
		66F67E3F2199D29D001D933B /* Build configuration list for PBXNativeTarget "Examples" */ = {
			isa = XCConfigurationList;
			buildConfigurations = (
				66F67E402199D29D001D933B /* Debug */,
				66F67E412199D29D001D933B /* Release */,
			);
			defaultConfigurationIsVisible = 0;
			defaultConfigurationName = Release;
		};
		66F67E422199D29D001D933B /* Build configuration list for PBXNativeTarget "ExamplesTests" */ = {
			isa = XCConfigurationList;
			buildConfigurations = (
				66F67E432199D29D001D933B /* Debug */,
				66F67E442199D29D001D933B /* Release */,
			);
			defaultConfigurationIsVisible = 0;
			defaultConfigurationName = Release;
		};
/* End XCConfigurationList section */
	};
	rootObject = 66F67E1A2199D29C001D933B /* Project object */;
}
